// !$*UTF8*$!
{
	archiveVersion = 1;
	classes = {
	};
	objectVersion = 50;
	objects = {

/* Begin PBXBuildFile section */
		DA35B1B320FC979A008F216C /* TaskManager.xcdatamodeld in Sources */ = {isa = PBXBuildFile; fileRef = DA35B1B120FC979A008F216C /* TaskManager.xcdatamodeld */; };
		DA35B1C020FC9EB6008F216C /* CoreData.framework in Frameworks */ = {isa = PBXBuildFile; fileRef = DA35B1AE20FC965A008F216C /* CoreData.framework */; };
		DA35B25F20FCC30A008F216C /* CoreDataManager.m in Sources */ = {isa = PBXBuildFile; fileRef = DA35B25E20FCC30A008F216C /* CoreDataManager.m */; };
		DA7C05C720F33D19008F42F7 /* ListTableViewController.m in Sources */ = {isa = PBXBuildFile; fileRef = DA7C05C620F33D19008F42F7 /* ListTableViewController.m */; };
		DA7C05CA20F33E1E008F42F7 /* ListItemTableViewCell.m in Sources */ = {isa = PBXBuildFile; fileRef = DA7C05C920F33E1E008F42F7 /* ListItemTableViewCell.m */; };
		DAE84BD120F5E0A50074014C /* SegmentControlTableViewCell.m in Sources */ = {isa = PBXBuildFile; fileRef = DAE84BD020F5E0A50074014C /* SegmentControlTableViewCell.m */; };
		DAE84BD820F5E0C80074014C /* AddTaskTableViewController.m in Sources */ = {isa = PBXBuildFile; fileRef = DAE84BD420F5E0C70074014C /* AddTaskTableViewController.m */; };
		DAE84BD920F5E0C80074014C /* EditingTaskTableViewController.m in Sources */ = {isa = PBXBuildFile; fileRef = DAE84BD520F5E0C70074014C /* EditingTaskTableViewController.m */; };
		DAE84BDA20F5E0C80074014C /* EditTaskTableViewController.m in Sources */ = {isa = PBXBuildFile; fileRef = DAE84BD720F5E0C70074014C /* EditTaskTableViewController.m */; };
		DAFD83DE20FCD39300DFEA2E /* List.m in Sources */ = {isa = PBXBuildFile; fileRef = DAFD83D620FCD39200DFEA2E /* List.m */; };
		DAFD83DF20FCD39300DFEA2E /* Task.m in Sources */ = {isa = PBXBuildFile; fileRef = DAFD83DA20FCD39200DFEA2E /* Task.m */; };
		DAFD83E020FCD39300DFEA2E /* Icon.m in Sources */ = {isa = PBXBuildFile; fileRef = DAFD83DC20FCD39200DFEA2E /* Icon.m */; };
		DAFD83E120FCD39300DFEA2E /* Color.m in Sources */ = {isa = PBXBuildFile; fileRef = DAFD83DD20FCD39200DFEA2E /* Color.m */; };
		DAFD83E520FCD45B00DFEA2E /* ListSQLiteService.m in Sources */ = {isa = PBXBuildFile; fileRef = DAFD83E420FCD45B00DFEA2E /* ListSQLiteService.m */; };
		DAFD83E920FCD49500DFEA2E /* TaskSQLiteService.m in Sources */ = {isa = PBXBuildFile; fileRef = DAFD83E820FCD49500DFEA2E /* TaskSQLiteService.m */; };
		DAFD83ED20FCD50F00DFEA2E /* IconSQLiteService.m in Sources */ = {isa = PBXBuildFile; fileRef = DAFD83EC20FCD50F00DFEA2E /* IconSQLiteService.m */; };
		DAFD83F120FCD53F00DFEA2E /* ColorSQLiteService.m in Sources */ = {isa = PBXBuildFile; fileRef = DAFD83F020FCD53F00DFEA2E /* ColorSQLiteService.m */; };
		DAFD83F620FCE98000DFEA2E /* TaskCoreDataService.m in Sources */ = {isa = PBXBuildFile; fileRef = DAFD83F520FCE98000DFEA2E /* TaskCoreDataService.m */; };
		DAFD83F920FCE98E00DFEA2E /* ListCoreDataService.m in Sources */ = {isa = PBXBuildFile; fileRef = DAFD83F820FCE98E00DFEA2E /* ListCoreDataService.m */; };
		DAFD83FC20FCE99B00DFEA2E /* IconCoreDataService.m in Sources */ = {isa = PBXBuildFile; fileRef = DAFD83FB20FCE99B00DFEA2E /* IconCoreDataService.m */; };
		DAFD83FF20FCE9AA00DFEA2E /* ColorCoreDataService.m in Sources */ = {isa = PBXBuildFile; fileRef = DAFD83FE20FCE9AA00DFEA2E /* ColorCoreDataService.m */; };
		EFFADD0E20F09C5D00A775E6 /* AppDelegate.m in Sources */ = {isa = PBXBuildFile; fileRef = EFFADD0D20F09C5D00A775E6 /* AppDelegate.m */; };
		EFFADD1620F09C6000A775E6 /* Assets.xcassets in Resources */ = {isa = PBXBuildFile; fileRef = EFFADD1520F09C6000A775E6 /* Assets.xcassets */; };
		EFFADD1920F09C6000A775E6 /* LaunchScreen.storyboard in Resources */ = {isa = PBXBuildFile; fileRef = EFFADD1720F09C6000A775E6 /* LaunchScreen.storyboard */; };
		EFFADD1C20F09C6000A775E6 /* main.m in Sources */ = {isa = PBXBuildFile; fileRef = EFFADD1B20F09C6000A775E6 /* main.m */; };
		EFFADD2620F09D3100A775E6 /* ListsTableViewController.m in Sources */ = {isa = PBXBuildFile; fileRef = EFFADD2520F09D3100A775E6 /* ListsTableViewController.m */; };
		EFFADD2920F0A79800A775E6 /* NewListTableViewController.m in Sources */ = {isa = PBXBuildFile; fileRef = EFFADD2820F0A79800A775E6 /* NewListTableViewController.m */; };
		EFFADD2D20F0AFC700A775E6 /* EditableTableViewCell.m in Sources */ = {isa = PBXBuildFile; fileRef = EFFADD2C20F0AFC700A775E6 /* EditableTableViewCell.m */; };
		EFFADD3020F0C0B100A775E6 /* IconsCollectionTableViewCell.m in Sources */ = {isa = PBXBuildFile; fileRef = EFFADD2F20F0C0B100A775E6 /* IconsCollectionTableViewCell.m */; };
		EFFADD3620F0C58200A775E6 /* CollectionTableViewCell.m in Sources */ = {isa = PBXBuildFile; fileRef = EFFADD3520F0C58200A775E6 /* CollectionTableViewCell.m */; };
		EFFADD3920F0C7A900A775E6 /* IconCollectionViewCell.m in Sources */ = {isa = PBXBuildFile; fileRef = EFFADD3820F0C7A900A775E6 /* IconCollectionViewCell.m */; };
		EFFADD3C20F0D29A00A775E6 /* ColorCollectionViewCell.m in Sources */ = {isa = PBXBuildFile; fileRef = EFFADD3B20F0D29A00A775E6 /* ColorCollectionViewCell.m */; };
		EFFADD3F20F0D44E00A775E6 /* ColorsCollectionTableViewCell.m in Sources */ = {isa = PBXBuildFile; fileRef = EFFADD3E20F0D44E00A775E6 /* ColorsCollectionTableViewCell.m */; };
		EFFADD4720F0F7D300A775E6 /* FeatureCollectionViewCell.m in Sources */ = {isa = PBXBuildFile; fileRef = EFFADD4620F0F7D300A775E6 /* FeatureCollectionViewCell.m */; };
		EFFADD4D20F1020A00A775E6 /* ListTableViewCell.m in Sources */ = {isa = PBXBuildFile; fileRef = EFFADD4C20F1020A00A775E6 /* ListTableViewCell.m */; };
		EFFC3BC920F1FDF100B46116 /* libsqlite3.tbd in Frameworks */ = {isa = PBXBuildFile; fileRef = EFFC3BC820F1FDF100B46116 /* libsqlite3.tbd */; };
		EFFC3BCC20F28F0D00B46116 /* DatabaseManager.m in Sources */ = {isa = PBXBuildFile; fileRef = EFFC3BCB20F28F0D00B46116 /* DatabaseManager.m */; };
/* End PBXBuildFile section */

/* Begin PBXFileReference section */
		DA35B1AE20FC965A008F216C /* CoreData.framework */ = {isa = PBXFileReference; lastKnownFileType = wrapper.framework; name = CoreData.framework; path = System/Library/Frameworks/CoreData.framework; sourceTree = SDKROOT; };
		DA35B1B220FC979A008F216C /* TaskManager.xcdatamodel */ = {isa = PBXFileReference; lastKnownFileType = wrapper.xcdatamodel; path = TaskManager.xcdatamodel; sourceTree = "<group>"; };
		DA35B25D20FCC30A008F216C /* CoreDataManager.h */ = {isa = PBXFileReference; lastKnownFileType = sourcecode.c.h; path = CoreDataManager.h; sourceTree = "<group>"; };
		DA35B25E20FCC30A008F216C /* CoreDataManager.m */ = {isa = PBXFileReference; lastKnownFileType = sourcecode.c.objc; path = CoreDataManager.m; sourceTree = "<group>"; };
		DA7C05C520F33D19008F42F7 /* ListTableViewController.h */ = {isa = PBXFileReference; lastKnownFileType = sourcecode.c.h; path = ListTableViewController.h; sourceTree = "<group>"; };
		DA7C05C620F33D19008F42F7 /* ListTableViewController.m */ = {isa = PBXFileReference; lastKnownFileType = sourcecode.c.objc; path = ListTableViewController.m; sourceTree = "<group>"; };
		DA7C05C820F33E1E008F42F7 /* ListItemTableViewCell.h */ = {isa = PBXFileReference; lastKnownFileType = sourcecode.c.h; path = ListItemTableViewCell.h; sourceTree = "<group>"; };
		DA7C05C920F33E1E008F42F7 /* ListItemTableViewCell.m */ = {isa = PBXFileReference; lastKnownFileType = sourcecode.c.objc; path = ListItemTableViewCell.m; sourceTree = "<group>"; };
		DAE84BCF20F5E0A50074014C /* SegmentControlTableViewCell.h */ = {isa = PBXFileReference; fileEncoding = 4; lastKnownFileType = sourcecode.c.h; name = SegmentControlTableViewCell.h; path = TaskManager/Cells/TableViewCells/SegmentControlTableViewCell.h; sourceTree = SOURCE_ROOT; };
		DAE84BD020F5E0A50074014C /* SegmentControlTableViewCell.m */ = {isa = PBXFileReference; fileEncoding = 4; lastKnownFileType = sourcecode.c.objc; name = SegmentControlTableViewCell.m; path = TaskManager/Cells/TableViewCells/SegmentControlTableViewCell.m; sourceTree = SOURCE_ROOT; };
		DAE84BD220F5E0C70074014C /* EditingTaskTableViewController.h */ = {isa = PBXFileReference; fileEncoding = 4; lastKnownFileType = sourcecode.c.h; path = EditingTaskTableViewController.h; sourceTree = "<group>"; };
		DAE84BD320F5E0C70074014C /* EditTaskTableViewController.h */ = {isa = PBXFileReference; fileEncoding = 4; lastKnownFileType = sourcecode.c.h; path = EditTaskTableViewController.h; sourceTree = "<group>"; };
		DAE84BD420F5E0C70074014C /* AddTaskTableViewController.m */ = {isa = PBXFileReference; fileEncoding = 4; lastKnownFileType = sourcecode.c.objc; path = AddTaskTableViewController.m; sourceTree = "<group>"; };
		DAE84BD520F5E0C70074014C /* EditingTaskTableViewController.m */ = {isa = PBXFileReference; fileEncoding = 4; lastKnownFileType = sourcecode.c.objc; path = EditingTaskTableViewController.m; sourceTree = "<group>"; };
		DAE84BD620F5E0C70074014C /* AddTaskTableViewController.h */ = {isa = PBXFileReference; fileEncoding = 4; lastKnownFileType = sourcecode.c.h; path = AddTaskTableViewController.h; sourceTree = "<group>"; };
		DAE84BD720F5E0C70074014C /* EditTaskTableViewController.m */ = {isa = PBXFileReference; fileEncoding = 4; lastKnownFileType = sourcecode.c.objc; path = EditTaskTableViewController.m; sourceTree = "<group>"; };
		DAFD83D620FCD39200DFEA2E /* List.m */ = {isa = PBXFileReference; fileEncoding = 4; lastKnownFileType = sourcecode.c.objc; path = List.m; sourceTree = "<group>"; };
		DAFD83D720FCD39200DFEA2E /* Task.h */ = {isa = PBXFileReference; fileEncoding = 4; lastKnownFileType = sourcecode.c.h; path = Task.h; sourceTree = "<group>"; };
		DAFD83D820FCD39200DFEA2E /* Icon.h */ = {isa = PBXFileReference; fileEncoding = 4; lastKnownFileType = sourcecode.c.h; path = Icon.h; sourceTree = "<group>"; };
		DAFD83D920FCD39200DFEA2E /* Color.h */ = {isa = PBXFileReference; fileEncoding = 4; lastKnownFileType = sourcecode.c.h; path = Color.h; sourceTree = "<group>"; };
		DAFD83DA20FCD39200DFEA2E /* Task.m */ = {isa = PBXFileReference; fileEncoding = 4; lastKnownFileType = sourcecode.c.objc; path = Task.m; sourceTree = "<group>"; };
		DAFD83DB20FCD39200DFEA2E /* List.h */ = {isa = PBXFileReference; fileEncoding = 4; lastKnownFileType = sourcecode.c.h; path = List.h; sourceTree = "<group>"; };
		DAFD83DC20FCD39200DFEA2E /* Icon.m */ = {isa = PBXFileReference; fileEncoding = 4; lastKnownFileType = sourcecode.c.objc; path = Icon.m; sourceTree = "<group>"; };
		DAFD83DD20FCD39200DFEA2E /* Color.m */ = {isa = PBXFileReference; fileEncoding = 4; lastKnownFileType = sourcecode.c.objc; path = Color.m; sourceTree = "<group>"; };
		DAFD83E320FCD45B00DFEA2E /* ListSQLiteService.h */ = {isa = PBXFileReference; lastKnownFileType = sourcecode.c.h; path = ListSQLiteService.h; sourceTree = "<group>"; };
		DAFD83E420FCD45B00DFEA2E /* ListSQLiteService.m */ = {isa = PBXFileReference; lastKnownFileType = sourcecode.c.objc; path = ListSQLiteService.m; sourceTree = "<group>"; };
		DAFD83E720FCD49500DFEA2E /* TaskSQLiteService.h */ = {isa = PBXFileReference; lastKnownFileType = sourcecode.c.h; path = TaskSQLiteService.h; sourceTree = "<group>"; };
		DAFD83E820FCD49500DFEA2E /* TaskSQLiteService.m */ = {isa = PBXFileReference; lastKnownFileType = sourcecode.c.objc; path = TaskSQLiteService.m; sourceTree = "<group>"; };
		DAFD83EB20FCD50F00DFEA2E /* IconSQLiteService.h */ = {isa = PBXFileReference; lastKnownFileType = sourcecode.c.h; path = IconSQLiteService.h; sourceTree = "<group>"; };
		DAFD83EC20FCD50F00DFEA2E /* IconSQLiteService.m */ = {isa = PBXFileReference; lastKnownFileType = sourcecode.c.objc; path = IconSQLiteService.m; sourceTree = "<group>"; };
		DAFD83EF20FCD53F00DFEA2E /* ColorSQLiteService.h */ = {isa = PBXFileReference; lastKnownFileType = sourcecode.c.h; path = ColorSQLiteService.h; sourceTree = "<group>"; };
		DAFD83F020FCD53F00DFEA2E /* ColorSQLiteService.m */ = {isa = PBXFileReference; lastKnownFileType = sourcecode.c.objc; path = ColorSQLiteService.m; sourceTree = "<group>"; };
		DAFD83F420FCE98000DFEA2E /* TaskCoreDataService.h */ = {isa = PBXFileReference; lastKnownFileType = sourcecode.c.h; path = TaskCoreDataService.h; sourceTree = "<group>"; };
		DAFD83F520FCE98000DFEA2E /* TaskCoreDataService.m */ = {isa = PBXFileReference; lastKnownFileType = sourcecode.c.objc; path = TaskCoreDataService.m; sourceTree = "<group>"; };
		DAFD83F720FCE98E00DFEA2E /* ListCoreDataService.h */ = {isa = PBXFileReference; lastKnownFileType = sourcecode.c.h; path = ListCoreDataService.h; sourceTree = "<group>"; };
		DAFD83F820FCE98E00DFEA2E /* ListCoreDataService.m */ = {isa = PBXFileReference; lastKnownFileType = sourcecode.c.objc; path = ListCoreDataService.m; sourceTree = "<group>"; };
		DAFD83FA20FCE99B00DFEA2E /* IconCoreDataService.h */ = {isa = PBXFileReference; lastKnownFileType = sourcecode.c.h; path = IconCoreDataService.h; sourceTree = "<group>"; };
		DAFD83FB20FCE99B00DFEA2E /* IconCoreDataService.m */ = {isa = PBXFileReference; lastKnownFileType = sourcecode.c.objc; path = IconCoreDataService.m; sourceTree = "<group>"; };
		DAFD83FD20FCE9AA00DFEA2E /* ColorCoreDataService.h */ = {isa = PBXFileReference; lastKnownFileType = sourcecode.c.h; path = ColorCoreDataService.h; sourceTree = "<group>"; };
		DAFD83FE20FCE9AA00DFEA2E /* ColorCoreDataService.m */ = {isa = PBXFileReference; lastKnownFileType = sourcecode.c.objc; path = ColorCoreDataService.m; sourceTree = "<group>"; };
		EFFADD0920F09C5D00A775E6 /* TaskManager.app */ = {isa = PBXFileReference; explicitFileType = wrapper.application; includeInIndex = 0; path = TaskManager.app; sourceTree = BUILT_PRODUCTS_DIR; };
		EFFADD0C20F09C5D00A775E6 /* AppDelegate.h */ = {isa = PBXFileReference; lastKnownFileType = sourcecode.c.h; path = AppDelegate.h; sourceTree = "<group>"; };
		EFFADD0D20F09C5D00A775E6 /* AppDelegate.m */ = {isa = PBXFileReference; lastKnownFileType = sourcecode.c.objc; path = AppDelegate.m; sourceTree = "<group>"; };
		EFFADD1520F09C6000A775E6 /* Assets.xcassets */ = {isa = PBXFileReference; lastKnownFileType = folder.assetcatalog; path = Assets.xcassets; sourceTree = "<group>"; };
		EFFADD1820F09C6000A775E6 /* Base */ = {isa = PBXFileReference; lastKnownFileType = file.storyboard; name = Base; path = Base.lproj/LaunchScreen.storyboard; sourceTree = "<group>"; };
		EFFADD1A20F09C6000A775E6 /* Info.plist */ = {isa = PBXFileReference; lastKnownFileType = text.plist.xml; path = Info.plist; sourceTree = "<group>"; };
		EFFADD1B20F09C6000A775E6 /* main.m */ = {isa = PBXFileReference; lastKnownFileType = sourcecode.c.objc; path = main.m; sourceTree = "<group>"; };
		EFFADD2420F09D3100A775E6 /* ListsTableViewController.h */ = {isa = PBXFileReference; lastKnownFileType = sourcecode.c.h; path = ListsTableViewController.h; sourceTree = "<group>"; };
		EFFADD2520F09D3100A775E6 /* ListsTableViewController.m */ = {isa = PBXFileReference; lastKnownFileType = sourcecode.c.objc; path = ListsTableViewController.m; sourceTree = "<group>"; };
		EFFADD2720F0A79800A775E6 /* NewListTableViewController.h */ = {isa = PBXFileReference; lastKnownFileType = sourcecode.c.h; path = NewListTableViewController.h; sourceTree = "<group>"; };
		EFFADD2820F0A79800A775E6 /* NewListTableViewController.m */ = {isa = PBXFileReference; lastKnownFileType = sourcecode.c.objc; path = NewListTableViewController.m; sourceTree = "<group>"; };
		EFFADD2B20F0AFC700A775E6 /* EditableTableViewCell.h */ = {isa = PBXFileReference; lastKnownFileType = sourcecode.c.h; path = EditableTableViewCell.h; sourceTree = "<group>"; };
		EFFADD2C20F0AFC700A775E6 /* EditableTableViewCell.m */ = {isa = PBXFileReference; lastKnownFileType = sourcecode.c.objc; path = EditableTableViewCell.m; sourceTree = "<group>"; };
		EFFADD2E20F0C0B100A775E6 /* IconsCollectionTableViewCell.h */ = {isa = PBXFileReference; lastKnownFileType = sourcecode.c.h; path = IconsCollectionTableViewCell.h; sourceTree = "<group>"; };
		EFFADD2F20F0C0B100A775E6 /* IconsCollectionTableViewCell.m */ = {isa = PBXFileReference; lastKnownFileType = sourcecode.c.objc; path = IconsCollectionTableViewCell.m; sourceTree = "<group>"; };
		EFFADD3420F0C58200A775E6 /* CollectionTableViewCell.h */ = {isa = PBXFileReference; lastKnownFileType = sourcecode.c.h; path = CollectionTableViewCell.h; sourceTree = "<group>"; };
		EFFADD3520F0C58200A775E6 /* CollectionTableViewCell.m */ = {isa = PBXFileReference; lastKnownFileType = sourcecode.c.objc; path = CollectionTableViewCell.m; sourceTree = "<group>"; };
		EFFADD3720F0C7A900A775E6 /* IconCollectionViewCell.h */ = {isa = PBXFileReference; lastKnownFileType = sourcecode.c.h; path = IconCollectionViewCell.h; sourceTree = "<group>"; };
		EFFADD3820F0C7A900A775E6 /* IconCollectionViewCell.m */ = {isa = PBXFileReference; lastKnownFileType = sourcecode.c.objc; path = IconCollectionViewCell.m; sourceTree = "<group>"; };
		EFFADD3A20F0D29A00A775E6 /* ColorCollectionViewCell.h */ = {isa = PBXFileReference; lastKnownFileType = sourcecode.c.h; path = ColorCollectionViewCell.h; sourceTree = "<group>"; };
		EFFADD3B20F0D29A00A775E6 /* ColorCollectionViewCell.m */ = {isa = PBXFileReference; lastKnownFileType = sourcecode.c.objc; path = ColorCollectionViewCell.m; sourceTree = "<group>"; };
		EFFADD3D20F0D44E00A775E6 /* ColorsCollectionTableViewCell.h */ = {isa = PBXFileReference; lastKnownFileType = sourcecode.c.h; path = ColorsCollectionTableViewCell.h; sourceTree = "<group>"; };
		EFFADD3E20F0D44E00A775E6 /* ColorsCollectionTableViewCell.m */ = {isa = PBXFileReference; lastKnownFileType = sourcecode.c.objc; path = ColorsCollectionTableViewCell.m; sourceTree = "<group>"; };
		EFFADD4520F0F7D300A775E6 /* FeatureCollectionViewCell.h */ = {isa = PBXFileReference; lastKnownFileType = sourcecode.c.h; path = FeatureCollectionViewCell.h; sourceTree = "<group>"; };
		EFFADD4620F0F7D300A775E6 /* FeatureCollectionViewCell.m */ = {isa = PBXFileReference; lastKnownFileType = sourcecode.c.objc; path = FeatureCollectionViewCell.m; sourceTree = "<group>"; };
		EFFADD4B20F1020A00A775E6 /* ListTableViewCell.h */ = {isa = PBXFileReference; lastKnownFileType = sourcecode.c.h; path = ListTableViewCell.h; sourceTree = "<group>"; };
		EFFADD4C20F1020A00A775E6 /* ListTableViewCell.m */ = {isa = PBXFileReference; lastKnownFileType = sourcecode.c.objc; path = ListTableViewCell.m; sourceTree = "<group>"; };
		EFFC3BC820F1FDF100B46116 /* libsqlite3.tbd */ = {isa = PBXFileReference; lastKnownFileType = "sourcecode.text-based-dylib-definition"; name = libsqlite3.tbd; path = usr/lib/libsqlite3.tbd; sourceTree = SDKROOT; };
		EFFC3BCA20F28F0D00B46116 /* DatabaseManager.h */ = {isa = PBXFileReference; lastKnownFileType = sourcecode.c.h; path = DatabaseManager.h; sourceTree = "<group>"; };
		EFFC3BCB20F28F0D00B46116 /* DatabaseManager.m */ = {isa = PBXFileReference; lastKnownFileType = sourcecode.c.objc; path = DatabaseManager.m; sourceTree = "<group>"; };
/* End PBXFileReference section */

/* Begin PBXFrameworksBuildPhase section */
		EFFADD0620F09C5D00A775E6 /* Frameworks */ = {
			isa = PBXFrameworksBuildPhase;
			buildActionMask = 2147483647;
			files = (
				DA35B1C020FC9EB6008F216C /* CoreData.framework in Frameworks */,
				EFFC3BC920F1FDF100B46116 /* libsqlite3.tbd in Frameworks */,
			);
			runOnlyForDeploymentPostprocessing = 0;
		};
/* End PBXFrameworksBuildPhase section */

/* Begin PBXGroup section */
		DAFD83E220FCD43600DFEA2E /* List */ = {
			isa = PBXGroup;
			children = (
				DAFD83E320FCD45B00DFEA2E /* ListSQLiteService.h */,
				DAFD83E420FCD45B00DFEA2E /* ListSQLiteService.m */,
				DAFD83F720FCE98E00DFEA2E /* ListCoreDataService.h */,
				DAFD83F820FCE98E00DFEA2E /* ListCoreDataService.m */,
			);
			path = List;
			sourceTree = "<group>";
		};
		DAFD83E620FCD48400DFEA2E /* Task */ = {
			isa = PBXGroup;
			children = (
				DAFD83E720FCD49500DFEA2E /* TaskSQLiteService.h */,
				DAFD83E820FCD49500DFEA2E /* TaskSQLiteService.m */,
				DAFD83F420FCE98000DFEA2E /* TaskCoreDataService.h */,
				DAFD83F520FCE98000DFEA2E /* TaskCoreDataService.m */,
			);
			path = Task;
			sourceTree = "<group>";
		};
		DAFD83EA20FCD4B900DFEA2E /* Icon */ = {
			isa = PBXGroup;
			children = (
				DAFD83EB20FCD50F00DFEA2E /* IconSQLiteService.h */,
				DAFD83EC20FCD50F00DFEA2E /* IconSQLiteService.m */,
				DAFD83FA20FCE99B00DFEA2E /* IconCoreDataService.h */,
				DAFD83FB20FCE99B00DFEA2E /* IconCoreDataService.m */,
			);
			path = Icon;
			sourceTree = "<group>";
		};
		DAFD83EE20FCD51B00DFEA2E /* Color */ = {
			isa = PBXGroup;
			children = (
				DAFD83EF20FCD53F00DFEA2E /* ColorSQLiteService.h */,
				DAFD83F020FCD53F00DFEA2E /* ColorSQLiteService.m */,
				DAFD83FD20FCE9AA00DFEA2E /* ColorCoreDataService.h */,
				DAFD83FE20FCE9AA00DFEA2E /* ColorCoreDataService.m */,
			);
			path = Color;
			sourceTree = "<group>";
		};
		DAFD83F220FCD66B00DFEA2E /* Managers */ = {
			isa = PBXGroup;
			children = (
				EFFC3BCA20F28F0D00B46116 /* DatabaseManager.h */,
				EFFC3BCB20F28F0D00B46116 /* DatabaseManager.m */,
				DA35B25D20FCC30A008F216C /* CoreDataManager.h */,
				DA35B25E20FCC30A008F216C /* CoreDataManager.m */,
			);
			path = Managers;
			sourceTree = "<group>";
		};
		DAFD83F320FCE4D100DFEA2E /* Services */ = {
			isa = PBXGroup;
			children = (
				DAFD83E620FCD48400DFEA2E /* Task */,
				DAFD83E220FCD43600DFEA2E /* List */,
				DAFD83EA20FCD4B900DFEA2E /* Icon */,
				DAFD83EE20FCD51B00DFEA2E /* Color */,
			);
			path = Services;
			sourceTree = "<group>";
		};
		EFFADD0020F09C5D00A775E6 = {
			isa = PBXGroup;
			children = (
				EFFADD0B20F09C5D00A775E6 /* TaskManager */,
				EFFADD0A20F09C5D00A775E6 /* Products */,
				EFFC3BC720F1FDF100B46116 /* Frameworks */,
			);
			sourceTree = "<group>";
		};
		EFFADD0A20F09C5D00A775E6 /* Products */ = {
			isa = PBXGroup;
			children = (
				EFFADD0920F09C5D00A775E6 /* TaskManager.app */,
			);
			name = Products;
			sourceTree = "<group>";
		};
		EFFADD0B20F09C5D00A775E6 /* TaskManager */ = {
			isa = PBXGroup;
			children = (
				EFFADD0C20F09C5D00A775E6 /* AppDelegate.h */,
				EFFADD0D20F09C5D00A775E6 /* AppDelegate.m */,
				DA35B1B120FC979A008F216C /* TaskManager.xcdatamodeld */,
				EFFADD4E20F1052600A775E6 /* Models */,
				DAFD83F320FCE4D100DFEA2E /* Services */,
				DAFD83F220FCD66B00DFEA2E /* Managers */,
				EFFADD2A20F0AE4700A775E6 /* Cells */,
				EFFADD2320F09D0000A775E6 /* Controllers */,
				EFFADD2220F09CE900A775E6 /* Support Files */,
				EFFADD1A20F09C6000A775E6 /* Info.plist */,
			);
			path = TaskManager;
			sourceTree = "<group>";
		};
		EFFADD2220F09CE900A775E6 /* Support Files */ = {
			isa = PBXGroup;
			children = (
				EFFADD1520F09C6000A775E6 /* Assets.xcassets */,
				EFFADD1720F09C6000A775E6 /* LaunchScreen.storyboard */,
				EFFADD1B20F09C6000A775E6 /* main.m */,
			);
			path = "Support Files";
			sourceTree = "<group>";
		};
		EFFADD2320F09D0000A775E6 /* Controllers */ = {
			isa = PBXGroup;
			children = (
				EFFADD2420F09D3100A775E6 /* ListsTableViewController.h */,
				EFFADD2520F09D3100A775E6 /* ListsTableViewController.m */,
				EFFADD2720F0A79800A775E6 /* NewListTableViewController.h */,
				EFFADD2820F0A79800A775E6 /* NewListTableViewController.m */,
				DA7C05C520F33D19008F42F7 /* ListTableViewController.h */,
				DA7C05C620F33D19008F42F7 /* ListTableViewController.m */,
				DAE84BD620F5E0C70074014C /* AddTaskTableViewController.h */,
				DAE84BD420F5E0C70074014C /* AddTaskTableViewController.m */,
				DAE84BD220F5E0C70074014C /* EditingTaskTableViewController.h */,
				DAE84BD520F5E0C70074014C /* EditingTaskTableViewController.m */,
				DAE84BD320F5E0C70074014C /* EditTaskTableViewController.h */,
				DAE84BD720F5E0C70074014C /* EditTaskTableViewController.m */,
			);
			path = Controllers;
			sourceTree = "<group>";
		};
		EFFADD2A20F0AE4700A775E6 /* Cells */ = {
			isa = PBXGroup;
			children = (
				EFFADD4420F0DE4E00A775E6 /* CollectionViewCells */,
				EFFADD4320F0DE4100A775E6 /* TableViewCells */,
			);
			path = Cells;
			sourceTree = "<group>";
		};
		EFFADD4320F0DE4100A775E6 /* TableViewCells */ = {
			isa = PBXGroup;
			children = (
				DAE84BCF20F5E0A50074014C /* SegmentControlTableViewCell.h */,
				DAE84BD020F5E0A50074014C /* SegmentControlTableViewCell.m */,
				EFFADD2B20F0AFC700A775E6 /* EditableTableViewCell.h */,
				EFFADD2C20F0AFC700A775E6 /* EditableTableViewCell.m */,
				EFFADD3420F0C58200A775E6 /* CollectionTableViewCell.h */,
				EFFADD3520F0C58200A775E6 /* CollectionTableViewCell.m */,
				EFFADD2E20F0C0B100A775E6 /* IconsCollectionTableViewCell.h */,
				EFFADD2F20F0C0B100A775E6 /* IconsCollectionTableViewCell.m */,
				EFFADD3D20F0D44E00A775E6 /* ColorsCollectionTableViewCell.h */,
				EFFADD3E20F0D44E00A775E6 /* ColorsCollectionTableViewCell.m */,
				EFFADD4B20F1020A00A775E6 /* ListTableViewCell.h */,
				EFFADD4C20F1020A00A775E6 /* ListTableViewCell.m */,
				DA7C05C820F33E1E008F42F7 /* ListItemTableViewCell.h */,
				DA7C05C920F33E1E008F42F7 /* ListItemTableViewCell.m */,
			);
			path = TableViewCells;
			sourceTree = "<group>";
		};
		EFFADD4420F0DE4E00A775E6 /* CollectionViewCells */ = {
			isa = PBXGroup;
			children = (
				EFFADD4520F0F7D300A775E6 /* FeatureCollectionViewCell.h */,
				EFFADD4620F0F7D300A775E6 /* FeatureCollectionViewCell.m */,
				EFFADD3720F0C7A900A775E6 /* IconCollectionViewCell.h */,
				EFFADD3820F0C7A900A775E6 /* IconCollectionViewCell.m */,
				EFFADD3A20F0D29A00A775E6 /* ColorCollectionViewCell.h */,
				EFFADD3B20F0D29A00A775E6 /* ColorCollectionViewCell.m */,
			);
			path = CollectionViewCells;
			sourceTree = "<group>";
		};
		EFFADD4E20F1052600A775E6 /* Models */ = {
			isa = PBXGroup;
			children = (
				DAFD83D720FCD39200DFEA2E /* Task.h */,
				DAFD83DA20FCD39200DFEA2E /* Task.m */,
				DAFD83DB20FCD39200DFEA2E /* List.h */,
				DAFD83D620FCD39200DFEA2E /* List.m */,
				DAFD83D820FCD39200DFEA2E /* Icon.h */,
				DAFD83DC20FCD39200DFEA2E /* Icon.m */,
				DAFD83D920FCD39200DFEA2E /* Color.h */,
				DAFD83DD20FCD39200DFEA2E /* Color.m */,
			);
			path = Models;
			sourceTree = "<group>";
		};
		EFFC3BC720F1FDF100B46116 /* Frameworks */ = {
			isa = PBXGroup;
			children = (
				DA35B1AE20FC965A008F216C /* CoreData.framework */,
				EFFC3BC820F1FDF100B46116 /* libsqlite3.tbd */,
			);
			name = Frameworks;
			sourceTree = "<group>";
		};
/* End PBXGroup section */

/* Begin PBXNativeTarget section */
		EFFADD0820F09C5D00A775E6 /* TaskManager */ = {
			isa = PBXNativeTarget;
			buildConfigurationList = EFFADD1F20F09C6000A775E6 /* Build configuration list for PBXNativeTarget "TaskManager" */;
			buildPhases = (
				EFFADD0520F09C5D00A775E6 /* Sources */,
				EFFADD0620F09C5D00A775E6 /* Frameworks */,
				EFFADD0720F09C5D00A775E6 /* Resources */,
			);
			buildRules = (
			);
			dependencies = (
			);
			name = TaskManager;
			productName = TaskManager;
			productReference = EFFADD0920F09C5D00A775E6 /* TaskManager.app */;
			productType = "com.apple.product-type.application";
		};
/* End PBXNativeTarget section */

/* Begin PBXProject section */
		EFFADD0120F09C5D00A775E6 /* Project object */ = {
			isa = PBXProject;
			attributes = {
				LastUpgradeCheck = 0940;
				ORGANIZATIONNAME = "Victor Semenchuk";
				TargetAttributes = {
					EFFADD0820F09C5D00A775E6 = {
						CreatedOnToolsVersion = 9.4.1;
					};
				};
			};
			buildConfigurationList = EFFADD0420F09C5D00A775E6 /* Build configuration list for PBXProject "TaskManager" */;
			compatibilityVersion = "Xcode 9.3";
			developmentRegion = en;
			hasScannedForEncodings = 0;
			knownRegions = (
				en,
				Base,
			);
			mainGroup = EFFADD0020F09C5D00A775E6;
			productRefGroup = EFFADD0A20F09C5D00A775E6 /* Products */;
			projectDirPath = "";
			projectRoot = "";
			targets = (
				EFFADD0820F09C5D00A775E6 /* TaskManager */,
			);
		};
/* End PBXProject section */

/* Begin PBXResourcesBuildPhase section */
		EFFADD0720F09C5D00A775E6 /* Resources */ = {
			isa = PBXResourcesBuildPhase;
			buildActionMask = 2147483647;
			files = (
				EFFADD1920F09C6000A775E6 /* LaunchScreen.storyboard in Resources */,
				EFFADD1620F09C6000A775E6 /* Assets.xcassets in Resources */,
			);
			runOnlyForDeploymentPostprocessing = 0;
		};
/* End PBXResourcesBuildPhase section */

/* Begin PBXSourcesBuildPhase section */
		EFFADD0520F09C5D00A775E6 /* Sources */ = {
			isa = PBXSourcesBuildPhase;
			buildActionMask = 2147483647;
			files = (
				DAFD83F120FCD53F00DFEA2E /* ColorSQLiteService.m in Sources */,
				DA35B25F20FCC30A008F216C /* CoreDataManager.m in Sources */,
				DAFD83E520FCD45B00DFEA2E /* ListSQLiteService.m in Sources */,
				DA7C05CA20F33E1E008F42F7 /* ListItemTableViewCell.m in Sources */,
				DAFD83E120FCD39300DFEA2E /* Color.m in Sources */,
				DAFD83F620FCE98000DFEA2E /* TaskCoreDataService.m in Sources */,
				DAFD83E020FCD39300DFEA2E /* Icon.m in Sources */,
				EFFADD2920F0A79800A775E6 /* NewListTableViewController.m in Sources */,
				EFFADD2620F09D3100A775E6 /* ListsTableViewController.m in Sources */,
				DA35B1B320FC979A008F216C /* TaskManager.xcdatamodeld in Sources */,
				DAE84BD820F5E0C80074014C /* AddTaskTableViewController.m in Sources */,
				DAFD83E920FCD49500DFEA2E /* TaskSQLiteService.m in Sources */,
				DAFD83ED20FCD50F00DFEA2E /* IconSQLiteService.m in Sources */,
				DAFD83FC20FCE99B00DFEA2E /* IconCoreDataService.m in Sources */,
				EFFADD3020F0C0B100A775E6 /* IconsCollectionTableViewCell.m in Sources */,
				DAE84BD120F5E0A50074014C /* SegmentControlTableViewCell.m in Sources */,
				EFFADD3C20F0D29A00A775E6 /* ColorCollectionViewCell.m in Sources */,
				EFFADD3920F0C7A900A775E6 /* IconCollectionViewCell.m in Sources */,
				EFFADD3F20F0D44E00A775E6 /* ColorsCollectionTableViewCell.m in Sources */,
				DAFD83FF20FCE9AA00DFEA2E /* ColorCoreDataService.m in Sources */,
				EFFADD1C20F09C6000A775E6 /* main.m in Sources */,
				DAFD83F920FCE98E00DFEA2E /* ListCoreDataService.m in Sources */,
				EFFC3BCC20F28F0D00B46116 /* DatabaseManager.m in Sources */,
				EFFADD2D20F0AFC700A775E6 /* EditableTableViewCell.m in Sources */,
				EFFADD3620F0C58200A775E6 /* CollectionTableViewCell.m in Sources */,
				DAFD83DF20FCD39300DFEA2E /* Task.m in Sources */,
				EFFADD4D20F1020A00A775E6 /* ListTableViewCell.m in Sources */,
				EFFADD0E20F09C5D00A775E6 /* AppDelegate.m in Sources */,
				DAE84BDA20F5E0C80074014C /* EditTaskTableViewController.m in Sources */,
				DAE84BD920F5E0C80074014C /* EditingTaskTableViewController.m in Sources */,
				DAFD83DE20FCD39300DFEA2E /* List.m in Sources */,
				EFFADD4720F0F7D300A775E6 /* FeatureCollectionViewCell.m in Sources */,
				DA7C05C720F33D19008F42F7 /* ListTableViewController.m in Sources */,
			);
			runOnlyForDeploymentPostprocessing = 0;
		};
/* End PBXSourcesBuildPhase section */

/* Begin PBXVariantGroup section */
		EFFADD1720F09C6000A775E6 /* LaunchScreen.storyboard */ = {
			isa = PBXVariantGroup;
			children = (
				EFFADD1820F09C6000A775E6 /* Base */,
			);
			name = LaunchScreen.storyboard;
			sourceTree = "<group>";
		};
/* End PBXVariantGroup section */

/* Begin XCBuildConfiguration section */
		EFFADD1D20F09C6000A775E6 /* Debug */ = {
			isa = XCBuildConfiguration;
			buildSettings = {
				ALWAYS_SEARCH_USER_PATHS = NO;
				CLANG_ANALYZER_NONNULL = YES;
				CLANG_ANALYZER_NUMBER_OBJECT_CONVERSION = YES_AGGRESSIVE;
				CLANG_CXX_LANGUAGE_STANDARD = "gnu++14";
				CLANG_CXX_LIBRARY = "libc++";
				CLANG_ENABLE_MODULES = YES;
				CLANG_ENABLE_OBJC_ARC = YES;
				CLANG_ENABLE_OBJC_WEAK = YES;
				CLANG_WARN_BLOCK_CAPTURE_AUTORELEASING = YES;
				CLANG_WARN_BOOL_CONVERSION = YES;
				CLANG_WARN_COMMA = YES;
				CLANG_WARN_CONSTANT_CONVERSION = YES;
				CLANG_WARN_DEPRECATED_OBJC_IMPLEMENTATIONS = YES;
				CLANG_WARN_DIRECT_OBJC_ISA_USAGE = YES_ERROR;
				CLANG_WARN_DOCUMENTATION_COMMENTS = YES;
				CLANG_WARN_EMPTY_BODY = YES;
				CLANG_WARN_ENUM_CONVERSION = YES;
				CLANG_WARN_INFINITE_RECURSION = YES;
				CLANG_WARN_INT_CONVERSION = YES;
				CLANG_WARN_NON_LITERAL_NULL_CONVERSION = YES;
				CLANG_WARN_OBJC_IMPLICIT_RETAIN_SELF = YES;
				CLANG_WARN_OBJC_LITERAL_CONVERSION = YES;
				CLANG_WARN_OBJC_ROOT_CLASS = YES_ERROR;
				CLANG_WARN_RANGE_LOOP_ANALYSIS = YES;
				CLANG_WARN_STRICT_PROTOTYPES = YES;
				CLANG_WARN_SUSPICIOUS_MOVE = YES;
				CLANG_WARN_UNGUARDED_AVAILABILITY = YES_AGGRESSIVE;
				CLANG_WARN_UNREACHABLE_CODE = YES;
				CLANG_WARN__DUPLICATE_METHOD_MATCH = YES;
				CODE_SIGN_IDENTITY = "iPhone Developer";
				COPY_PHASE_STRIP = NO;
				DEBUG_INFORMATION_FORMAT = dwarf;
				ENABLE_STRICT_OBJC_MSGSEND = YES;
				ENABLE_TESTABILITY = YES;
				GCC_C_LANGUAGE_STANDARD = gnu11;
				GCC_DYNAMIC_NO_PIC = NO;
				GCC_NO_COMMON_BLOCKS = YES;
				GCC_OPTIMIZATION_LEVEL = 0;
				GCC_PREPROCESSOR_DEFINITIONS = (
					"DEBUG=1",
					"$(inherited)",
				);
				GCC_WARN_64_TO_32_BIT_CONVERSION = YES;
				GCC_WARN_ABOUT_RETURN_TYPE = YES_ERROR;
				GCC_WARN_UNDECLARED_SELECTOR = YES;
				GCC_WARN_UNINITIALIZED_AUTOS = YES_AGGRESSIVE;
				GCC_WARN_UNUSED_FUNCTION = YES;
				GCC_WARN_UNUSED_VARIABLE = YES;
				IPHONEOS_DEPLOYMENT_TARGET = 11.4;
				MTL_ENABLE_DEBUG_INFO = YES;
				ONLY_ACTIVE_ARCH = YES;
				SDKROOT = iphoneos;
			};
			name = Debug;
		};
		EFFADD1E20F09C6000A775E6 /* Release */ = {
			isa = XCBuildConfiguration;
			buildSettings = {
				ALWAYS_SEARCH_USER_PATHS = NO;
				CLANG_ANALYZER_NONNULL = YES;
				CLANG_ANALYZER_NUMBER_OBJECT_CONVERSION = YES_AGGRESSIVE;
				CLANG_CXX_LANGUAGE_STANDARD = "gnu++14";
				CLANG_CXX_LIBRARY = "libc++";
				CLANG_ENABLE_MODULES = YES;
				CLANG_ENABLE_OBJC_ARC = YES;
				CLANG_ENABLE_OBJC_WEAK = YES;
				CLANG_WARN_BLOCK_CAPTURE_AUTORELEASING = YES;
				CLANG_WARN_BOOL_CONVERSION = YES;
				CLANG_WARN_COMMA = YES;
				CLANG_WARN_CONSTANT_CONVERSION = YES;
				CLANG_WARN_DEPRECATED_OBJC_IMPLEMENTATIONS = YES;
				CLANG_WARN_DIRECT_OBJC_ISA_USAGE = YES_ERROR;
				CLANG_WARN_DOCUMENTATION_COMMENTS = YES;
				CLANG_WARN_EMPTY_BODY = YES;
				CLANG_WARN_ENUM_CONVERSION = YES;
				CLANG_WARN_INFINITE_RECURSION = YES;
				CLANG_WARN_INT_CONVERSION = YES;
				CLANG_WARN_NON_LITERAL_NULL_CONVERSION = YES;
				CLANG_WARN_OBJC_IMPLICIT_RETAIN_SELF = YES;
				CLANG_WARN_OBJC_LITERAL_CONVERSION = YES;
				CLANG_WARN_OBJC_ROOT_CLASS = YES_ERROR;
				CLANG_WARN_RANGE_LOOP_ANALYSIS = YES;
				CLANG_WARN_STRICT_PROTOTYPES = YES;
				CLANG_WARN_SUSPICIOUS_MOVE = YES;
				CLANG_WARN_UNGUARDED_AVAILABILITY = YES_AGGRESSIVE;
				CLANG_WARN_UNREACHABLE_CODE = YES;
				CLANG_WARN__DUPLICATE_METHOD_MATCH = YES;
				CODE_SIGN_IDENTITY = "iPhone Developer";
				COPY_PHASE_STRIP = NO;
				DEBUG_INFORMATION_FORMAT = "dwarf-with-dsym";
				ENABLE_NS_ASSERTIONS = NO;
				ENABLE_STRICT_OBJC_MSGSEND = YES;
				GCC_C_LANGUAGE_STANDARD = gnu11;
				GCC_NO_COMMON_BLOCKS = YES;
				GCC_WARN_64_TO_32_BIT_CONVERSION = YES;
				GCC_WARN_ABOUT_RETURN_TYPE = YES_ERROR;
				GCC_WARN_UNDECLARED_SELECTOR = YES;
				GCC_WARN_UNINITIALIZED_AUTOS = YES_AGGRESSIVE;
				GCC_WARN_UNUSED_FUNCTION = YES;
				GCC_WARN_UNUSED_VARIABLE = YES;
				IPHONEOS_DEPLOYMENT_TARGET = 11.4;
				MTL_ENABLE_DEBUG_INFO = NO;
				SDKROOT = iphoneos;
				VALIDATE_PRODUCT = YES;
			};
			name = Release;
		};
		EFFADD2020F09C6000A775E6 /* Debug */ = {
			isa = XCBuildConfiguration;
			buildSettings = {
				ASSETCATALOG_COMPILER_APPICON_NAME = AppIcon;
				CODE_SIGN_STYLE = Automatic;
				DEVELOPMENT_TEAM = 5M3HNT6J9D;
				INFOPLIST_FILE = TaskManager/Info.plist;
				LD_RUNPATH_SEARCH_PATHS = (
					"$(inherited)",
					"@executable_path/Frameworks",
				);
				PRODUCT_BUNDLE_IDENTIFIER = vicmac.TaskManager;
				PRODUCT_NAME = "$(TARGET_NAME)";
				TARGETED_DEVICE_FAMILY = "1,2";
			};
			name = Debug;
		};
		EFFADD2120F09C6000A775E6 /* Release */ = {
			isa = XCBuildConfiguration;
			buildSettings = {
				ASSETCATALOG_COMPILER_APPICON_NAME = AppIcon;
				CODE_SIGN_STYLE = Automatic;
				DEVELOPMENT_TEAM = 5M3HNT6J9D;
				INFOPLIST_FILE = TaskManager/Info.plist;
				LD_RUNPATH_SEARCH_PATHS = (
					"$(inherited)",
					"@executable_path/Frameworks",
				);
				PRODUCT_BUNDLE_IDENTIFIER = vicmac.TaskManager;
				PRODUCT_NAME = "$(TARGET_NAME)";
				TARGETED_DEVICE_FAMILY = "1,2";
			};
			name = Release;
		};
/* End XCBuildConfiguration section */

/* Begin XCConfigurationList section */
		EFFADD0420F09C5D00A775E6 /* Build configuration list for PBXProject "TaskManager" */ = {
			isa = XCConfigurationList;
			buildConfigurations = (
				EFFADD1D20F09C6000A775E6 /* Debug */,
				EFFADD1E20F09C6000A775E6 /* Release */,
			);
			defaultConfigurationIsVisible = 0;
			defaultConfigurationName = Release;
		};
		EFFADD1F20F09C6000A775E6 /* Build configuration list for PBXNativeTarget "TaskManager" */ = {
			isa = XCConfigurationList;
			buildConfigurations = (
				EFFADD2020F09C6000A775E6 /* Debug */,
				EFFADD2120F09C6000A775E6 /* Release */,
			);
			defaultConfigurationIsVisible = 0;
			defaultConfigurationName = Release;
		};
/* End XCConfigurationList section */

/* Begin XCVersionGroup section */
		DA35B1B120FC979A008F216C /* TaskManager.xcdatamodeld */ = {
			isa = XCVersionGroup;
			children = (
				DA35B1B220FC979A008F216C /* TaskManager.xcdatamodel */,
			);
			currentVersion = DA35B1B220FC979A008F216C /* TaskManager.xcdatamodel */;
			path = TaskManager.xcdatamodeld;
			sourceTree = "<group>";
			versionGroupType = wrapper.xcdatamodel;
		};
/* End XCVersionGroup section */
	};
	rootObject = EFFADD0120F09C5D00A775E6 /* Project object */;
}
